
Microsoft Visual Studio Solution File, Format Version 12.00
# Visual Studio 15
VisualStudioVersion = 15.0.27004.2008
MinimumVisualStudioVersion = 10.0.40219.1
Project("{FAE04EC0-301F-11D3-BF4B-00C04F79EFBC}") = "Co.ChatBottle.Tests", "Co.ChatBottle.Tests\Co.ChatBottle.Tests.csproj", "{E74F77EA-C336-46FB-9B6F-43E7A4CA1994}"
EndProject
Project("{FAE04EC0-301F-11D3-BF4B-00C04F79EFBC}") = "Co.ChatBottle.Business", "Co.ChatBottle.Business\Co.ChatBottle.Business.csproj", "{126DC10F-A70B-49A5-85CE-9BA9BAB04A5E}"
EndProject
Project("{FAE04EC0-301F-11D3-BF4B-00C04F79EFBC}") = "Co.ChatBottle.Model", "Co.ChatBottle.Model\Co.ChatBottle.Model.csproj", "{C39FF08B-F058-443B-B48C-2CDC758D2DAC}"
EndProject
Project("{FAE04EC0-301F-11D3-BF4B-00C04F79EFBC}") = "Co.ChatBottle.DataAccess", "Co.ChatBottle.DataAccess\Co.ChatBottle.DataAccess.csproj", "{8E0C9A41-C25A-4DD3-8A3F-AB79B616956F}"
EndProject
Project("{FAE04EC0-301F-11D3-BF4B-00C04F79EFBC}") = "Co.ChatBottle.Service", "Co.ChatBottle.Service\Co.ChatBottle.Service.csproj", "{825E32F5-540E-4217-AFED-F873069369C0}"
EndProject
Project("{FAE04EC0-301F-11D3-BF4B-00C04F79EFBC}") = "Co.ChatBottle.Utility", "Co.ChatBottle.Utility\Co.ChatBottle.Utility.csproj", "{08E687B0-6A28-48AF-BBD7-F8C7CC884F4D}"
EndProject
Project("{FAE04EC0-301F-11D3-BF4B-00C04F79EFBC}") = "Co.ChatBottle.WebUI", "Co.ChatBottle.WebUI\Co.ChatBottle.WebUI.csproj", "{15FE5E62-FA34-4CBC-AEF3-842E2D9DF397}"
EndProject
Project("{FAE04EC0-301F-11D3-BF4B-00C04F79EFBC}") = "Co.ChatBottle.WebSocket", "Co.ChatBottle.WebSocket\Co.ChatBottle.WebSocket.csproj", "{2BA93E88-C0D4-4042-9920-2B41B7A7C960}"
EndProject
Global
	GlobalSection(SolutionConfigurationPlatforms) = preSolution
		Debug|Any CPU = Debug|Any CPU
		Release|Any CPU = Release|Any CPU
	EndGlobalSection
	GlobalSection(ProjectConfigurationPlatforms) = postSolution
		{E74F77EA-C336-46FB-9B6F-43E7A4CA1994}.Debug|Any CPU.ActiveCfg = Debug|Any CPU
		{E74F77EA-C336-46FB-9B6F-43E7A4CA1994}.Debug|Any CPU.Build.0 = Debug|Any CPU
		{E74F77EA-C336-46FB-9B6F-43E7A4CA1994}.Release|Any CPU.ActiveCfg = Release|Any CPU
		{E74F77EA-C336-46FB-9B6F-43E7A4CA1994}.Release|Any CPU.Build.0 = Release|Any CPU
		{126DC10F-A70B-49A5-85CE-9BA9BAB04A5E}.Debug|Any CPU.ActiveCfg = Debug|Any CPU
		{126DC10F-A70B-49A5-85CE-9BA9BAB04A5E}.Debug|Any CPU.Build.0 = Debug|Any CPU
		{126DC10F-A70B-49A5-85CE-9BA9BAB04A5E}.Release|Any CPU.ActiveCfg = Release|Any CPU
		{126DC10F-A70B-49A5-85CE-9BA9BAB04A5E}.Release|Any CPU.Build.0 = Release|Any CPU
		{C39FF08B-F058-443B-B48C-2CDC758D2DAC}.Debug|Any CPU.ActiveCfg = Debug|Any CPU
		{C39FF08B-F058-443B-B48C-2CDC758D2DAC}.Debug|Any CPU.Build.0 = Debug|Any CPU
		{C39FF08B-F058-443B-B48C-2CDC758D2DAC}.Release|Any CPU.ActiveCfg = Release|Any CPU
		{C39FF08B-F058-443B-B48C-2CDC758D2DAC}.Release|Any CPU.Build.0 = Release|Any CPU
		{8E0C9A41-C25A-4DD3-8A3F-AB79B616956F}.Debug|Any CPU.ActiveCfg = Debug|Any CPU
		{8E0C9A41-C25A-4DD3-8A3F-AB79B616956F}.Debug|Any CPU.Build.0 = Debug|Any CPU
		{8E0C9A41-C25A-4DD3-8A3F-AB79B616956F}.Release|Any CPU.ActiveCfg = Release|Any CPU
		{8E0C9A41-C25A-4DD3-8A3F-AB79B616956F}.Release|Any CPU.Build.0 = Release|Any CPU
		{825E32F5-540E-4217-AFED-F873069369C0}.Debug|Any CPU.ActiveCfg = Debug|Any CPU
		{825E32F5-540E-4217-AFED-F873069369C0}.Debug|Any CPU.Build.0 = Debug|Any CPU
		{825E32F5-540E-4217-AFED-F873069369C0}.Release|Any CPU.ActiveCfg = Release|Any CPU
		{825E32F5-540E-4217-AFED-F873069369C0}.Release|Any CPU.Build.0 = Release|Any CPU
		{08E687B0-6A28-48AF-BBD7-F8C7CC884F4D}.Debug|Any CPU.ActiveCfg = Debug|Any CPU
		{08E687B0-6A28-48AF-BBD7-F8C7CC884F4D}.Debug|Any CPU.Build.0 = Debug|Any CPU
		{08E687B0-6A28-48AF-BBD7-F8C7CC884F4D}.Release|Any CPU.ActiveCfg = Release|Any CPU
		{08E687B0-6A28-48AF-BBD7-F8C7CC884F4D}.Release|Any CPU.Build.0 = Release|Any CPU
		{15FE5E62-FA34-4CBC-AEF3-842E2D9DF397}.Debug|Any CPU.ActiveCfg = Debug|Any CPU
		{15FE5E62-FA34-4CBC-AEF3-842E2D9DF397}.Debug|Any CPU.Build.0 = Debug|Any CPU
		{15FE5E62-FA34-4CBC-AEF3-842E2D9DF397}.Release|Any CPU.ActiveCfg = Release|Any CPU
		{15FE5E62-FA34-4CBC-AEF3-842E2D9DF397}.Release|Any CPU.Build.0 = Release|Any CPU
		{2BA93E88-C0D4-4042-9920-2B41B7A7C960}.Debug|Any CPU.ActiveCfg = Debug|Any CPU
		{2BA93E88-C0D4-4042-9920-2B41B7A7C960}.Debug|Any CPU.Build.0 = Debug|Any CPU
		{2BA93E88-C0D4-4042-9920-2B41B7A7C960}.Release|Any CPU.ActiveCfg = Release|Any CPU
		{2BA93E88-C0D4-4042-9920-2B41B7A7C960}.Release|Any CPU.Build.0 = Release|Any CPU
	EndGlobalSection
	GlobalSection(SolutionProperties) = preSolution
		HideSolutionNode = FALSE
	EndGlobalSection
	GlobalSection(ExtensibilityGlobals) = postSolution
		SolutionGuid = {AC88BC1E-DDA6-472A-A2E2-472EC345BA39}
	EndGlobalSection
EndGlobal
